// !$*UTF8*$!
{
	archiveVersion = 1;
	classes = {
	};
	objectVersion = 46;
	objects = {

/* Begin PBXBuildFile section */
		557036F81EA96A8D00166809 /* AppDelegate.swift in Sources */ = {isa = PBXBuildFile; fileRef = 557036F71EA96A8D00166809 /* AppDelegate.swift */; };
		557036FD1EA96A8D00166809 /* Main.storyboard in Resources */ = {isa = PBXBuildFile; fileRef = 557036FB1EA96A8D00166809 /* Main.storyboard */; };
		557036FF1EA96A8D00166809 /* Assets.xcassets in Resources */ = {isa = PBXBuildFile; fileRef = 557036FE1EA96A8D00166809 /* Assets.xcassets */; };
		557037021EA96A8D00166809 /* LaunchScreen.storyboard in Resources */ = {isa = PBXBuildFile; fileRef = 557037001EA96A8D00166809 /* LaunchScreen.storyboard */; };
		5570370A1EA96B9400166809 /* TableViewController.swift in Sources */ = {isa = PBXBuildFile; fileRef = 557037091EA96B9400166809 /* TableViewController.swift */; };
		55BDCFBB1EA98344002EDF04 /* AddCaptainViewController.swift in Sources */ = {isa = PBXBuildFile; fileRef = 55BDCFBA1EA98344002EDF04 /* AddCaptainViewController.swift */; };
		55F2F8091EA9762D00982F92 /* TableViewCell.swift in Sources */ = {isa = PBXBuildFile; fileRef = 55F2F8081EA9762D00982F92 /* TableViewCell.swift */; };
/* End PBXBuildFile section */

/* Begin PBXFileReference section */
		557036F41EA96A8D00166809 /* CustomTableViewCellsDemo.app */ = {isa = PBXFileReference; explicitFileType = wrapper.application; includeInIndex = 0; path = CustomTableViewCellsDemo.app; sourceTree = BUILT_PRODUCTS_DIR; };
		557036F71EA96A8D00166809 /* AppDelegate.swift */ = {isa = PBXFileReference; lastKnownFileType = sourcecode.swift; path = AppDelegate.swift; sourceTree = "<group>"; };
		557036FC1EA96A8D00166809 /* Base */ = {isa = PBXFileReference; lastKnownFileType = file.storyboard; name = Base; path = Base.lproj/Main.storyboard; sourceTree = "<group>"; };
		557036FE1EA96A8D00166809 /* Assets.xcassets */ = {isa = PBXFileReference; lastKnownFileType = folder.assetcatalog; path = Assets.xcassets; sourceTree = "<group>"; };
		557037011EA96A8D00166809 /* Base */ = {isa = PBXFileReference; lastKnownFileType = file.storyboard; name = Base; path = Base.lproj/LaunchScreen.storyboard; sourceTree = "<group>"; };
		557037031EA96A8D00166809 /* Info.plist */ = {isa = PBXFileReference; lastKnownFileType = text.plist.xml; path = Info.plist; sourceTree = "<group>"; };
		557037091EA96B9400166809 /* TableViewController.swift */ = {isa = PBXFileReference; fileEncoding = 4; lastKnownFileType = sourcecode.swift; path = TableViewController.swift; sourceTree = "<group>"; };
		55BDCFBA1EA98344002EDF04 /* AddCaptainViewController.swift */ = {isa = PBXFileReference; fileEncoding = 4; lastKnownFileType = sourcecode.swift; path = AddCaptainViewController.swift; sourceTree = "<group>"; };
		55F2F8081EA9762D00982F92 /* TableViewCell.swift */ = {isa = PBXFileReference; fileEncoding = 4; lastKnownFileType = sourcecode.swift; path = TableViewCell.swift; sourceTree = "<group>"; };
/* End PBXFileReference section */

/* Begin PBXFrameworksBuildPhase section */
		557036F11EA96A8D00166809 /* Frameworks */ = {
			isa = PBXFrameworksBuildPhase;
			buildActionMask = 2147483647;
			files = (
			);
			runOnlyForDeploymentPostprocessing = 0;
		};
/* End PBXFrameworksBuildPhase section */

/* Begin PBXGroup section */
		557036EB1EA96A8D00166809 = {
			isa = PBXGroup;
			children = (
				557036F61EA96A8D00166809 /* CustomTableViewCellsDemo */,
				557036F51EA96A8D00166809 /* Products */,
			);
			sourceTree = "<group>";
		};
		557036F51EA96A8D00166809 /* Products */ = {
			isa = PBXGroup;
			children = (
				557036F41EA96A8D00166809 /* CustomTableViewCellsDemo.app */,
			);
			name = Products;
			sourceTree = "<group>";
		};
		557036F61EA96A8D00166809 /* CustomTableViewCellsDemo */ = {
			isa = PBXGroup;
			children = (
				557036F71EA96A8D00166809 /* AppDelegate.swift */,
				557036FB1EA96A8D00166809 /* Main.storyboard */,
				557036FE1EA96A8D00166809 /* Assets.xcassets */,
				557037001EA96A8D00166809 /* LaunchScreen.storyboard */,
				557037031EA96A8D00166809 /* Info.plist */,
				557037091EA96B9400166809 /* TableViewController.swift */,
				55F2F8081EA9762D00982F92 /* TableViewCell.swift */,
				55BDCFBA1EA98344002EDF04 /* AddCaptainViewController.swift */,
			);
			path = CustomTableViewCellsDemo;
			sourceTree = "<group>";
		};
/* End PBXGroup section */

/* Begin PBXNativeTarget section */
		557036F31EA96A8D00166809 /* CustomTableViewCellsDemo */ = {
			isa = PBXNativeTarget;
			buildConfigurationList = 557037061EA96A8D00166809 /* Build configuration list for PBXNativeTarget "CustomTableViewCellsDemo" */;
			buildPhases = (
				557036F01EA96A8D00166809 /* Sources */,
				557036F11EA96A8D00166809 /* Frameworks */,
				557036F21EA96A8D00166809 /* Resources */,
			);
			buildRules = (
			);
			dependencies = (
			);
			name = CustomTableViewCellsDemo;
			productName = CustomTableViewCellsDemo;
			productReference = 557036F41EA96A8D00166809 /* CustomTableViewCellsDemo.app */;
			productType = "com.apple.product-type.application";
		};
/* End PBXNativeTarget section */

/* Begin PBXProject section */
		557036EC1EA96A8D00166809 /* Project object */ = {
			isa = PBXProject;
			attributes = {
				LastSwiftUpdateCheck = 0820;
				LastUpgradeCheck = 0820;
				ORGANIZATIONNAME = "David Mills";
				TargetAttributes = {
					557036F31EA96A8D00166809 = {
						CreatedOnToolsVersion = 8.2.1;
						DevelopmentTeam = 8KDQYJRUV8;
						ProvisioningStyle = Automatic;
					};
				};
			};
			buildConfigurationList = 557036EF1EA96A8D00166809 /* Build configuration list for PBXProject "CustomTableViewCellsDemo" */;
			compatibilityVersion = "Xcode 3.2";
			developmentRegion = English;
			hasScannedForEncodings = 0;
			knownRegions = (
				en,
				Base,
			);
			mainGroup = 557036EB1EA96A8D00166809;
			productRefGroup = 557036F51EA96A8D00166809 /* Products */;
			projectDirPath = "";
			projectRoot = "";
			targets = (
				557036F31EA96A8D00166809 /* CustomTableViewCellsDemo */,
			);
		};
/* End PBXProject section */

/* Begin PBXResourcesBuildPhase section */
		557036F21EA96A8D00166809 /* Resources */ = {
			isa = PBXResourcesBuildPhase;
			buildActionMask = 2147483647;
			files = (
				557037021EA96A8D00166809 /* LaunchScreen.storyboard in Resources */,
				557036FF1EA96A8D00166809 /* Assets.xcassets in Resources */,
				557036FD1EA96A8D00166809 /* Main.storyboard in Resources */,
			);
			runOnlyForDeploymentPostprocessing = 0;
		};
/* End PBXResourcesBuildPhase section */

/* Begin PBXSourcesBuildPhase section */
		557036F01EA96A8D00166809 /* Sources */ = {
			isa = PBXSourcesBuildPhase;
			buildActionMask = 2147483647;
			files = (
				55F2F8091EA9762D00982F92 /* TableViewCell.swift in Sources */,
				55BDCFBB1EA98344002EDF04 /* AddCaptainViewController.swift in Sources */,
				557036F81EA96A8D00166809 /* AppDelegate.swift in Sources */,
				5570370A1EA96B9400166809 /* TableViewController.swift in Sources */,
			);
			runOnlyForDeploymentPostprocessing = 0;
		};
/* End PBXSourcesBuildPhase section */

/* Begin PBXVariantGroup section */
		557036FB1EA96A8D00166809 /* Main.storyboard */ = {
			isa = PBXVariantGroup;
			children = (
				557036FC1EA96A8D00166809 /* Base */,
			);
			name = Main.storyboard;
			sourceTree = "<group>";
		};
		557037001EA96A8D00166809 /* LaunchScreen.storyboard */ = {
			isa = PBXVariantGroup;
			children = (
				557037011EA96A8D00166809 /* Base */,
			);
			name = LaunchScreen.storyboard;
			sourceTree = "<group>";
		};
/* End PBXVariantGroup section */

/* Begin XCBuildConfiguration section */
		557037041EA96A8D00166809 /* Debug */ = {
			isa = XCBuildConfiguration;
			buildSettings = {
				ALWAYS_SEARCH_USER_PATHS = NO;
				CLANG_ANALYZER_NONNULL = YES;
				CLANG_CXX_LANGUAGE_STANDARD = "gnu++0x";
				CLANG_CXX_LIBRARY = "libc++";
				CLANG_ENABLE_MODULES = YES;
				CLANG_ENABLE_OBJC_ARC = YES;
				CLANG_WARN_BOOL_CONVERSION = YES;
				CLANG_WARN_CONSTANT_CONVERSION = YES;
				CLANG_WARN_DIRECT_OBJC_ISA_USAGE = YES_ERROR;
				CLANG_WARN_DOCUMENTATION_COMMENTS = YES;
				CLANG_WARN_EMPTY_BODY = YES;
				CLANG_WARN_ENUM_CONVERSION = YES;
				CLANG_WARN_INFINITE_RECURSION = YES;
				CLANG_WARN_INT_CONVERSION = YES;
				CLANG_WARN_OBJC_ROOT_CLASS = YES_ERROR;
				CLANG_WARN_SUSPICIOUS_MOVE = YES;
				CLANG_WARN_UNREACHABLE_CODE = YES;
				CLANG_WARN__DUPLICATE_METHOD_MATCH = YES;
				"CODE_SIGN_IDENTITY[sdk=iphoneos*]" = "iPhone Developer";
				COPY_PHASE_STRIP = NO;
				DEBUG_INFORMATION_FORMAT = dwarf;
				ENABLE_STRICT_OBJC_MSGSEND = YES;
				ENABLE_TESTABILITY = YES;
				GCC_C_LANGUAGE_STANDARD = gnu99;
				GCC_DYNAMIC_NO_PIC = NO;
				GCC_NO_COMMON_BLOCKS = YES;
				GCC_OPTIMIZATION_LEVEL = 0;
				GCC_PREPROCESSOR_DEFINITIONS = (
					"DEBUG=1",
					"$(inherited)",
				);
				GCC_WARN_64_TO_32_BIT_CONVERSION = YES;
				GCC_WARN_ABOUT_RETURN_TYPE = YES_ERROR;
				GCC_WARN_UNDECLARED_SELECTOR = YES;
				GCC_WARN_UNINITIALIZED_AUTOS = YES_AGGRESSIVE;
				GCC_WARN_UNUSED_FUNCTION = YES;
				GCC_WARN_UNUSED_VARIABLE = YES;
				IPHONEOS_DEPLOYMENT_TARGET = 10.2;
				MTL_ENABLE_DEBUG_INFO = YES;
				ONLY_ACTIVE_ARCH = YES;
				SDKROOT = iphoneos;
				SWIFT_ACTIVE_COMPILATION_CONDITIONS = DEBUG;
				SWIFT_OPTIMIZATION_LEVEL = "-Onone";
			};
			name = Debug;
		};
		557037051EA96A8D00166809 /* Release */ = {
			isa = XCBuildConfiguration;
			buildSettings = {
				ALWAYS_SEARCH_USER_PATHS = NO;
				CLANG_ANALYZER_NONNULL = YES;
				CLANG_CXX_LANGUAGE_STANDARD = "gnu++0x";
				CLANG_CXX_LIBRARY = "libc++";
				CLANG_ENABLE_MODULES = YES;
				CLANG_ENABLE_OBJC_ARC = YES;
				CLANG_WARN_BOOL_CONVERSION = YES;
				CLANG_WARN_CONSTANT_CONVERSION = YES;
				CLANG_WARN_DIRECT_OBJC_ISA_USAGE = YES_ERROR;
				CLANG_WARN_DOCUMENTATION_COMMENTS = YES;
				CLANG_WARN_EMPTY_BODY = YES;
				CLANG_WARN_ENUM_CONVERSION = YES;
				CLANG_WARN_INFINITE_RECURSION = YES;
				CLANG_WARN_INT_CONVERSION = YES;
				CLANG_WARN_OBJC_ROOT_CLASS = YES_ERROR;
				CLANG_WARN_SUSPICIOUS_MOVE = YES;
				CLANG_WARN_UNREACHABLE_CODE = YES;
				CLANG_WARN__DUPLICATE_METHOD_MATCH = YES;
				"CODE_SIGN_IDENTITY[sdk=iphoneos*]" = "iPhone Developer";
				COPY_PHASE_STRIP = NO;
				DEBUG_INFORMATION_FORMAT = "dwarf-with-dsym";
				ENABLE_NS_ASSERTIONS = NO;
				ENABLE_STRICT_OBJC_MSGSEND = YES;
				GCC_C_LANGUAGE_STANDARD = gnu99;
				GCC_NO_COMMON_BLOCKS = YES;
				GCC_WARN_64_TO_32_BIT_CONVERSION = YES;
				GCC_WARN_ABOUT_RETURN_TYPE = YES_ERROR;
				GCC_WARN_UNDECLARED_SELECTOR = YES;
				GCC_WARN_UNINITIALIZED_AUTOS = YES_AGGRESSIVE;
				GCC_WARN_UNUSED_FUNCTION = YES;
				GCC_WARN_UNUSED_VARIABLE = YES;
				IPHONEOS_DEPLOYMENT_TARGET = 10.2;
				MTL_ENABLE_DEBUG_INFO = NO;
				SDKROOT = iphoneos;
				SWIFT_OPTIMIZATION_LEVEL = "-Owholemodule";
				VALIDATE_PRODUCT = YES;
			};
			name = Release;
		};
		557037071EA96A8D00166809 /* Debug */ = {
			isa = XCBuildConfiguration;
			buildSettings = {
				ASSETCATALOG_COMPILER_APPICON_NAME = AppIcon;
				DEVELOPMENT_TEAM = 8KDQYJRUV8;
				INFOPLIST_FILE = CustomTableViewCellsDemo/Info.plist;
				LD_RUNPATH_SEARCH_PATHS = "$(inherited) @executable_path/Frameworks";
				PRODUCT_BUNDLE_IDENTIFIER = com.1morepx.lhl.CustomTableViewCellsDemo;
				PRODUCT_NAME = "$(TARGET_NAME)";
				SWIFT_VERSION = 3.0;
			};
			name = Debug;
		};
		557037081EA96A8D00166809 /* Release */ = {
			isa = XCBuildConfiguration;
			buildSettings = {
				ASSETCATALOG_COMPILER_APPICON_NAME = AppIcon;
				DEVELOPMENT_TEAM = 8KDQYJRUV8;
				INFOPLIST_FILE = CustomTableViewCellsDemo/Info.plist;
				LD_RUNPATH_SEARCH_PATHS = "$(inherited) @executable_path/Frameworks";
				PRODUCT_BUNDLE_IDENTIFIER = com.1morepx.lhl.CustomTableViewCellsDemo;
				PRODUCT_NAME = "$(TARGET_NAME)";
				SWIFT_VERSION = 3.0;
			};
			name = Release;
		};
/* End XCBuildConfiguration section */

/* Begin XCConfigurationList section */
		557036EF1EA96A8D00166809 /* Build configuration list for PBXProject "CustomTableViewCellsDemo" */ = {
			isa = XCConfigurationList;
			buildConfigurations = (
				557037041EA96A8D00166809 /* Debug */,
				557037051EA96A8D00166809 /* Release */,
			);
			defaultConfigurationIsVisible = 0;
			defaultConfigurationName = Release;
		};
		557037061EA96A8D00166809 /* Build configuration list for PBXNativeTarget "CustomTableViewCellsDemo" */ = {
			isa = XCConfigurationList;
			buildConfigurations = (
				557037071EA96A8D00166809 /* Debug */,
				557037081EA96A8D00166809 /* Release */,
			);
			defaultConfigurationIsVisible = 0;
			defaultConfigurationName = Release;
		};
/* End XCConfigurationList section */
	};
	rootObject = 557036EC1EA96A8D00166809 /* Project object */;
}
